PODS:
  - Intrepid (0.10.3):
    - Intrepid/Core (= 0.10.3)
  - Intrepid/Core (0.10.3):
    - IP-UIKit-Wisdom (= 0.0.10)
  - IP-UIKit-Wisdom (0.0.10)

DEPENDENCIES:
  - Intrepid

SPEC CHECKSUMS:
  Intrepid: 9fd72a408dbee2d892b50044a380f15911ce92e6
  IP-UIKit-Wisdom: b395a065344071b33659e5f6b918043a97c48a44

PODFILE CHECKSUM: 4c483caac40860c846d5ea8fa79f7859b0524835

COCOAPODS: 1.4.0
