// !$*UTF8*$!
{
	archiveVersion = 1;
	classes = {
	};
	objectVersion = 48;
	objects = {

/* Begin PBXBuildFile section */
		A47B3C3520C86849004642EE /* PickLockViewModel.swift in Sources */ = {isa = PBXBuildFile; fileRef = A47B3C3420C86849004642EE /* PickLockViewModel.swift */; };
		A47B3C3920C86A64004642EE /* KeypadButton.swift in Sources */ = {isa = PBXBuildFile; fileRef = A47B3C3820C86A64004642EE /* KeypadButton.swift */; };
		A46D98E4207954E5004D37A5 /* PickLockTableViewCell.swift in Sources */ = {isa = PBXBuildFile; fileRef = A46D98E2207954E5004D37A5 /* PickLockTableViewCell.swift */; };
		A46D98E5207954E5004D37A5 /* PickLockTableViewCell.xib in Resources */ = {isa = PBXBuildFile; fileRef = A46D98E3207954E5004D37A5 /* PickLockTableViewCell.xib */; };
		A481C951206593F20051CA0E /* PickLockViewController.xib in Resources */ = {isa = PBXBuildFile; fileRef = A481C950206593F20051CA0E /* PickLockViewController.xib */; };
		A49F2D2520C871F20002E38E /* PickLockViewModelTests.swift in Sources */ = {isa = PBXBuildFile; fileRef = A49F2D2420C871F20002E38E /* PickLockViewModelTests.swift */; };
		A4B0A8EF2064096D000FB6AA /* AppDelegate.swift in Sources */ = {isa = PBXBuildFile; fileRef = A4B0A8EE2064096D000FB6AA /* AppDelegate.swift */; };
		A4B0A8F12064096D000FB6AA /* PickLockViewController.swift in Sources */ = {isa = PBXBuildFile; fileRef = A4B0A8F02064096D000FB6AA /* PickLockViewController.swift */; };
		A4B0A8F62064096D000FB6AA /* Assets.xcassets in Resources */ = {isa = PBXBuildFile; fileRef = A4B0A8F52064096D000FB6AA /* Assets.xcassets */; };
		A4B0A8F92064096D000FB6AA /* LaunchScreen.storyboard in Resources */ = {isa = PBXBuildFile; fileRef = A4B0A8F72064096D000FB6AA /* LaunchScreen.storyboard */; };
		A4B0A9042064096D000FB6AA /* LockTests.swift in Sources */ = {isa = PBXBuildFile; fileRef = A4B0A9032064096D000FB6AA /* LockTests.swift */; };
		A4B0A91120640B12000FB6AA /* Lock.swift in Sources */ = {isa = PBXBuildFile; fileRef = A4B0A91020640B12000FB6AA /* Lock.swift */; };
		A4B0A91320640B31000FB6AA /* GuessResult.swift in Sources */ = {isa = PBXBuildFile; fileRef = A4B0A91220640B31000FB6AA /* GuessResult.swift */; };
/* End PBXBuildFile section */

/* Begin PBXContainerItemProxy section */
		A4B0A9002064096D000FB6AA /* PBXContainerItemProxy */ = {
			isa = PBXContainerItemProxy;
			containerPortal = A4B0A8E32064096D000FB6AA /* Project object */;
			proxyType = 1;
			remoteGlobalIDString = A4B0A8EA2064096D000FB6AA;
			remoteInfo = PickPocket;
		};
/* End PBXContainerItemProxy section */

/* Begin PBXFileReference section */
		A47B3C3420C86849004642EE /* PickLockViewModel.swift */ = {isa = PBXFileReference; lastKnownFileType = sourcecode.swift; path = PickLockViewModel.swift; sourceTree = "<group>"; };
		A47B3C3820C86A64004642EE /* KeypadButton.swift */ = {isa = PBXFileReference; lastKnownFileType = sourcecode.swift; path = KeypadButton.swift; sourceTree = "<group>"; };
		A46D98E2207954E5004D37A5 /* PickLockTableViewCell.swift */ = {isa = PBXFileReference; lastKnownFileType = sourcecode.swift; name = PickLockTableViewCell.swift; path = ../View/PickLockTableViewCell.swift; sourceTree = "<group>"; };
		A46D98E3207954E5004D37A5 /* PickLockTableViewCell.xib */ = {isa = PBXFileReference; lastKnownFileType = file.xib; name = PickLockTableViewCell.xib; path = ../View/PickLockTableViewCell.xib; sourceTree = "<group>"; };
		A481C950206593F20051CA0E /* PickLockViewController.xib */ = {isa = PBXFileReference; lastKnownFileType = file.xib; path = PickLockViewController.xib; sourceTree = "<group>"; };
		A49F2D2420C871F20002E38E /* PickLockViewModelTests.swift */ = {isa = PBXFileReference; lastKnownFileType = sourcecode.swift; path = PickLockViewModelTests.swift; sourceTree = "<group>"; };
		A4B0A8EB2064096D000FB6AA /* PickPocket.app */ = {isa = PBXFileReference; explicitFileType = wrapper.application; includeInIndex = 0; path = PickPocket.app; sourceTree = BUILT_PRODUCTS_DIR; };
		A4B0A8EE2064096D000FB6AA /* AppDelegate.swift */ = {isa = PBXFileReference; lastKnownFileType = sourcecode.swift; path = AppDelegate.swift; sourceTree = "<group>"; };
		A4B0A8F02064096D000FB6AA /* PickLockViewController.swift */ = {isa = PBXFileReference; lastKnownFileType = sourcecode.swift; path = PickLockViewController.swift; sourceTree = "<group>"; };
		A4B0A8F52064096D000FB6AA /* Assets.xcassets */ = {isa = PBXFileReference; lastKnownFileType = folder.assetcatalog; path = Assets.xcassets; sourceTree = "<group>"; };
		A4B0A8F82064096D000FB6AA /* Base */ = {isa = PBXFileReference; lastKnownFileType = file.storyboard; name = Base; path = Base.lproj/LaunchScreen.storyboard; sourceTree = "<group>"; };
		A4B0A8FA2064096D000FB6AA /* Info.plist */ = {isa = PBXFileReference; lastKnownFileType = text.plist.xml; path = Info.plist; sourceTree = "<group>"; };
		A4B0A8FF2064096D000FB6AA /* PickPocketTests.xctest */ = {isa = PBXFileReference; explicitFileType = wrapper.cfbundle; includeInIndex = 0; path = PickPocketTests.xctest; sourceTree = BUILT_PRODUCTS_DIR; };
		A4B0A9032064096D000FB6AA /* LockTests.swift */ = {isa = PBXFileReference; lastKnownFileType = sourcecode.swift; path = LockTests.swift; sourceTree = "<group>"; };
		A4B0A9052064096D000FB6AA /* Info.plist */ = {isa = PBXFileReference; lastKnownFileType = text.plist.xml; path = Info.plist; sourceTree = "<group>"; };
		A4B0A91020640B12000FB6AA /* Lock.swift */ = {isa = PBXFileReference; lastKnownFileType = sourcecode.swift; path = Lock.swift; sourceTree = "<group>"; };
		A4B0A91220640B31000FB6AA /* GuessResult.swift */ = {isa = PBXFileReference; lastKnownFileType = sourcecode.swift; path = GuessResult.swift; sourceTree = "<group>"; };
/* End PBXFileReference section */

/* Begin PBXFrameworksBuildPhase section */
		A4B0A8E82064096D000FB6AA /* Frameworks */ = {
			isa = PBXFrameworksBuildPhase;
			buildActionMask = 2147483647;
			files = (
			);
			runOnlyForDeploymentPostprocessing = 0;
		};
		A4B0A8FC2064096D000FB6AA /* Frameworks */ = {
			isa = PBXFrameworksBuildPhase;
			buildActionMask = 2147483647;
			files = (
			);
			runOnlyForDeploymentPostprocessing = 0;
		};
/* End PBXFrameworksBuildPhase section */

/* Begin PBXGroup section */
		A47B3C3A20C86A69004642EE /* View */ = {
			isa = PBXGroup;
			children = (
				A47B3C3820C86A64004642EE /* KeypadButton.swift */,
				A46D98E2207954E5004D37A5 /* PickLockTableViewCell.swift */,
				A46D98E3207954E5004D37A5 /* PickLockTableViewCell.xib */,
			);
			path = View;
			sourceTree = "<group>";
		};
		A4B0A8E22064096D000FB6AA = {
			isa = PBXGroup;
			children = (
				A4B0A8ED2064096D000FB6AA /* PickPocket */,
				A4B0A9022064096D000FB6AA /* PickPocketTests */,
				A4B0A8EC2064096D000FB6AA /* Products */,
			);
			sourceTree = "<group>";
		};
		A4B0A8EC2064096D000FB6AA /* Products */ = {
			isa = PBXGroup;
			children = (
				A4B0A8EB2064096D000FB6AA /* PickPocket.app */,
				A4B0A8FF2064096D000FB6AA /* PickPocketTests.xctest */,
			);
			name = Products;
			sourceTree = "<group>";
		};
		A4B0A8ED2064096D000FB6AA /* PickPocket */ = {
			isa = PBXGroup;
			children = (
				A4B0A8EE2064096D000FB6AA /* AppDelegate.swift */,
				A4B0A90F20640AFB000FB6AA /* Models */,
				A4B0A90E20640A45000FB6AA /* Pick Lock */,
				A4B0A8F52064096D000FB6AA /* Assets.xcassets */,
				A4B0A8F72064096D000FB6AA /* LaunchScreen.storyboard */,
				A4B0A8FA2064096D000FB6AA /* Info.plist */,
			);
			path = PickPocket;
			sourceTree = "<group>";
		};
		A4B0A9022064096D000FB6AA /* PickPocketTests */ = {
			isa = PBXGroup;
			children = (
				A4B0A9032064096D000FB6AA /* LockTests.swift */,
				A49F2D2420C871F20002E38E /* PickLockViewModelTests.swift */,
				A4B0A9052064096D000FB6AA /* Info.plist */,
			);
			path = PickPocketTests;
			sourceTree = "<group>";
		};
		A4B0A90E20640A45000FB6AA /* Pick Lock */ = {
			isa = PBXGroup;
			children = (
				A47B3C3A20C86A69004642EE /* View */,
				A47B3C3420C86849004642EE /* PickLockViewModel.swift */,
				A4B0A8F02064096D000FB6AA /* PickLockViewController.swift */,
				A481C950206593F20051CA0E /* PickLockViewController.xib */,
			);
			path = "Pick Lock";
			sourceTree = "<group>";
		};
		A4B0A90F20640AFB000FB6AA /* Models */ = {
			isa = PBXGroup;
			children = (
				A4B0A91020640B12000FB6AA /* Lock.swift */,
				A4B0A91220640B31000FB6AA /* GuessResult.swift */,
			);
			path = Models;
			sourceTree = "<group>";
		};
/* End PBXGroup section */

/* Begin PBXNativeTarget section */
		A4B0A8EA2064096D000FB6AA /* PickPocket */ = {
			isa = PBXNativeTarget;
			buildConfigurationList = A4B0A9082064096D000FB6AA /* Build configuration list for PBXNativeTarget "PickPocket" */;
			buildPhases = (
				A4B0A8E72064096D000FB6AA /* Sources */,
				A4B0A8E82064096D000FB6AA /* Frameworks */,
				A4B0A8E92064096D000FB6AA /* Resources */,
				A4E8BAE6214C2B3A0064EE51 /* ShellScript */,
			);
			buildRules = (
			);
			dependencies = (
			);
			name = PickPocket;
			productName = PickPocket;
			productReference = A4B0A8EB2064096D000FB6AA /* PickPocket.app */;
			productType = "com.apple.product-type.application";
		};
		A4B0A8FE2064096D000FB6AA /* PickPocketTests */ = {
			isa = PBXNativeTarget;
			buildConfigurationList = A4B0A90B2064096D000FB6AA /* Build configuration list for PBXNativeTarget "PickPocketTests" */;
			buildPhases = (
				A4B0A8FB2064096D000FB6AA /* Sources */,
				A4B0A8FC2064096D000FB6AA /* Frameworks */,
				A4B0A8FD2064096D000FB6AA /* Resources */,
			);
			buildRules = (
			);
			dependencies = (
				A4B0A9012064096D000FB6AA /* PBXTargetDependency */,
			);
			name = PickPocketTests;
			productName = PickPocketTests;
			productReference = A4B0A8FF2064096D000FB6AA /* PickPocketTests.xctest */;
			productType = "com.apple.product-type.bundle.unit-test";
		};
/* End PBXNativeTarget section */

/* Begin PBXProject section */
		A4B0A8E32064096D000FB6AA /* Project object */ = {
			isa = PBXProject;
			attributes = {
				LastSwiftUpdateCheck = 0910;
				LastUpgradeCheck = 0940;
				ORGANIZATIONNAME = "Intrepid Pursuits";
				TargetAttributes = {
					A4B0A8EA2064096D000FB6AA = {
						CreatedOnToolsVersion = 9.1;
						ProvisioningStyle = Automatic;
					};
					A4B0A8FE2064096D000FB6AA = {
						CreatedOnToolsVersion = 9.1;
						ProvisioningStyle = Automatic;
						TestTargetID = A4B0A8EA2064096D000FB6AA;
					};
				};
			};
			buildConfigurationList = A4B0A8E62064096D000FB6AA /* Build configuration list for PBXProject "PickPocket" */;
			compatibilityVersion = "Xcode 8.0";
			developmentRegion = en;
			hasScannedForEncodings = 0;
			knownRegions = (
				en,
				Base,
			);
			mainGroup = A4B0A8E22064096D000FB6AA;
			productRefGroup = A4B0A8EC2064096D000FB6AA /* Products */;
			projectDirPath = "";
			projectRoot = "";
			targets = (
				A4B0A8EA2064096D000FB6AA /* PickPocket */,
				A4B0A8FE2064096D000FB6AA /* PickPocketTests */,
			);
		};
/* End PBXProject section */

/* Begin PBXResourcesBuildPhase section */
		A4B0A8E92064096D000FB6AA /* Resources */ = {
			isa = PBXResourcesBuildPhase;
			buildActionMask = 2147483647;
			files = (
				A481C951206593F20051CA0E /* PickLockViewController.xib in Resources */,
				A4B0A8F92064096D000FB6AA /* LaunchScreen.storyboard in Resources */,
				A4B0A8F62064096D000FB6AA /* Assets.xcassets in Resources */,
				A46D98E5207954E5004D37A5 /* PickLockTableViewCell.xib in Resources */,
			);
			runOnlyForDeploymentPostprocessing = 0;
		};
		A4B0A8FD2064096D000FB6AA /* Resources */ = {
			isa = PBXResourcesBuildPhase;
			buildActionMask = 2147483647;
			files = (
			);
			runOnlyForDeploymentPostprocessing = 0;
		};
/* End PBXResourcesBuildPhase section */

/* Begin PBXShellScriptBuildPhase section */
		A4E8BAE6214C2B3A0064EE51 /* ShellScript */ = {
			isa = PBXShellScriptBuildPhase;
			buildActionMask = 2147483647;
			files = (
			);
			inputPaths = (
			);
			outputPaths = (
			);
			runOnlyForDeploymentPostprocessing = 0;
			shellPath = /bin/sh;
			shellScript = "if which swiftlint >/dev/null; then\n    swiftlint\nelse\n    echo \"warning: SwiftLint not installed, download from https://github.com/realm/SwiftLint\"\nfi";
		};
/* End PBXShellScriptBuildPhase section */

/* Begin PBXSourcesBuildPhase section */
		A4B0A8E72064096D000FB6AA /* Sources */ = {
			isa = PBXSourcesBuildPhase;
			buildActionMask = 2147483647;
			files = (
				A4B0A8F12064096D000FB6AA /* PickLockViewController.swift in Sources */,
				A47B3C3920C86A64004642EE /* KeypadButton.swift in Sources */,
				A4B0A91120640B12000FB6AA /* Lock.swift in Sources */,
				A4B0A91320640B31000FB6AA /* GuessResult.swift in Sources */,
                A46D98E4207954E5004D37A5 /* PickLockTableViewCell.swift in Sources */,
				A4B0A8EF2064096D000FB6AA /* AppDelegate.swift in Sources */,
				A47B3C3520C86849004642EE /* PickLockViewModel.swift in Sources */,
			);
			runOnlyForDeploymentPostprocessing = 0;
		};
		A4B0A8FB2064096D000FB6AA /* Sources */ = {
			isa = PBXSourcesBuildPhase;
			buildActionMask = 2147483647;
			files = (
				A49F2D2520C871F20002E38E /* PickLockViewModelTests.swift in Sources */,
				A4B0A9042064096D000FB6AA /* LockTests.swift in Sources */,
			);
			runOnlyForDeploymentPostprocessing = 0;
		};
/* End PBXSourcesBuildPhase section */

/* Begin PBXTargetDependency section */
		A4B0A9012064096D000FB6AA /* PBXTargetDependency */ = {
			isa = PBXTargetDependency;
			target = A4B0A8EA2064096D000FB6AA /* PickPocket */;
			targetProxy = A4B0A9002064096D000FB6AA /* PBXContainerItemProxy */;
		};
/* End PBXTargetDependency section */

/* Begin PBXVariantGroup section */
		A4B0A8F72064096D000FB6AA /* LaunchScreen.storyboard */ = {
			isa = PBXVariantGroup;
			children = (
				A4B0A8F82064096D000FB6AA /* Base */,
			);
			name = LaunchScreen.storyboard;
			sourceTree = "<group>";
		};
/* End PBXVariantGroup section */

/* Begin XCBuildConfiguration section */
		A4B0A9062064096D000FB6AA /* Debug */ = {
			isa = XCBuildConfiguration;
			buildSettings = {
				ALWAYS_SEARCH_USER_PATHS = NO;
				CLANG_ANALYZER_NONNULL = YES;
				CLANG_ANALYZER_NUMBER_OBJECT_CONVERSION = YES_AGGRESSIVE;
				CLANG_CXX_LANGUAGE_STANDARD = "gnu++14";
				CLANG_CXX_LIBRARY = "libc++";
				CLANG_ENABLE_MODULES = YES;
				CLANG_ENABLE_OBJC_ARC = YES;
				CLANG_WARN_BLOCK_CAPTURE_AUTORELEASING = YES;
				CLANG_WARN_BOOL_CONVERSION = YES;
				CLANG_WARN_COMMA = YES;
				CLANG_WARN_CONSTANT_CONVERSION = YES;
				CLANG_WARN_DEPRECATED_OBJC_IMPLEMENTATIONS = YES;
				CLANG_WARN_DIRECT_OBJC_ISA_USAGE = YES_ERROR;
				CLANG_WARN_DOCUMENTATION_COMMENTS = YES;
				CLANG_WARN_EMPTY_BODY = YES;
				CLANG_WARN_ENUM_CONVERSION = YES;
				CLANG_WARN_INFINITE_RECURSION = YES;
				CLANG_WARN_INT_CONVERSION = YES;
				CLANG_WARN_NON_LITERAL_NULL_CONVERSION = YES;
				CLANG_WARN_OBJC_IMPLICIT_RETAIN_SELF = YES;
				CLANG_WARN_OBJC_LITERAL_CONVERSION = YES;
				CLANG_WARN_OBJC_ROOT_CLASS = YES_ERROR;
				CLANG_WARN_RANGE_LOOP_ANALYSIS = YES;
				CLANG_WARN_STRICT_PROTOTYPES = YES;
				CLANG_WARN_SUSPICIOUS_MOVE = YES;
				CLANG_WARN_UNGUARDED_AVAILABILITY = YES_AGGRESSIVE;
				CLANG_WARN_UNREACHABLE_CODE = YES;
				CLANG_WARN__DUPLICATE_METHOD_MATCH = YES;
				CODE_SIGN_IDENTITY = "iPhone Developer";
				COPY_PHASE_STRIP = NO;
				DEBUG_INFORMATION_FORMAT = dwarf;
				ENABLE_STRICT_OBJC_MSGSEND = YES;
				ENABLE_TESTABILITY = YES;
				GCC_C_LANGUAGE_STANDARD = gnu11;
				GCC_DYNAMIC_NO_PIC = NO;
				GCC_NO_COMMON_BLOCKS = YES;
				GCC_OPTIMIZATION_LEVEL = 0;
				GCC_PREPROCESSOR_DEFINITIONS = (
					"DEBUG=1",
					"$(inherited)",
				);
				GCC_WARN_64_TO_32_BIT_CONVERSION = YES;
				GCC_WARN_ABOUT_RETURN_TYPE = YES_ERROR;
				GCC_WARN_UNDECLARED_SELECTOR = YES;
				GCC_WARN_UNINITIALIZED_AUTOS = YES_AGGRESSIVE;
				GCC_WARN_UNUSED_FUNCTION = YES;
				GCC_WARN_UNUSED_VARIABLE = YES;
				IPHONEOS_DEPLOYMENT_TARGET = 11.1;
				MTL_ENABLE_DEBUG_INFO = YES;
				ONLY_ACTIVE_ARCH = YES;
				SDKROOT = iphoneos;
				SWIFT_ACTIVE_COMPILATION_CONDITIONS = DEBUG;
				SWIFT_OPTIMIZATION_LEVEL = "-Onone";
			};
			name = Debug;
		};
		A4B0A9072064096D000FB6AA /* Release */ = {
			isa = XCBuildConfiguration;
			buildSettings = {
				ALWAYS_SEARCH_USER_PATHS = NO;
				CLANG_ANALYZER_NONNULL = YES;
				CLANG_ANALYZER_NUMBER_OBJECT_CONVERSION = YES_AGGRESSIVE;
				CLANG_CXX_LANGUAGE_STANDARD = "gnu++14";
				CLANG_CXX_LIBRARY = "libc++";
				CLANG_ENABLE_MODULES = YES;
				CLANG_ENABLE_OBJC_ARC = YES;
				CLANG_WARN_BLOCK_CAPTURE_AUTORELEASING = YES;
				CLANG_WARN_BOOL_CONVERSION = YES;
				CLANG_WARN_COMMA = YES;
				CLANG_WARN_CONSTANT_CONVERSION = YES;
				CLANG_WARN_DEPRECATED_OBJC_IMPLEMENTATIONS = YES;
				CLANG_WARN_DIRECT_OBJC_ISA_USAGE = YES_ERROR;
				CLANG_WARN_DOCUMENTATION_COMMENTS = YES;
				CLANG_WARN_EMPTY_BODY = YES;
				CLANG_WARN_ENUM_CONVERSION = YES;
				CLANG_WARN_INFINITE_RECURSION = YES;
				CLANG_WARN_INT_CONVERSION = YES;
				CLANG_WARN_NON_LITERAL_NULL_CONVERSION = YES;
				CLANG_WARN_OBJC_IMPLICIT_RETAIN_SELF = YES;
				CLANG_WARN_OBJC_LITERAL_CONVERSION = YES;
				CLANG_WARN_OBJC_ROOT_CLASS = YES_ERROR;
				CLANG_WARN_RANGE_LOOP_ANALYSIS = YES;
				CLANG_WARN_STRICT_PROTOTYPES = YES;
				CLANG_WARN_SUSPICIOUS_MOVE = YES;
				CLANG_WARN_UNGUARDED_AVAILABILITY = YES_AGGRESSIVE;
				CLANG_WARN_UNREACHABLE_CODE = YES;
				CLANG_WARN__DUPLICATE_METHOD_MATCH = YES;
				CODE_SIGN_IDENTITY = "iPhone Developer";
				COPY_PHASE_STRIP = NO;
				DEBUG_INFORMATION_FORMAT = "dwarf-with-dsym";
				ENABLE_NS_ASSERTIONS = NO;
				ENABLE_STRICT_OBJC_MSGSEND = YES;
				GCC_C_LANGUAGE_STANDARD = gnu11;
				GCC_NO_COMMON_BLOCKS = YES;
				GCC_WARN_64_TO_32_BIT_CONVERSION = YES;
				GCC_WARN_ABOUT_RETURN_TYPE = YES_ERROR;
				GCC_WARN_UNDECLARED_SELECTOR = YES;
				GCC_WARN_UNINITIALIZED_AUTOS = YES_AGGRESSIVE;
				GCC_WARN_UNUSED_FUNCTION = YES;
				GCC_WARN_UNUSED_VARIABLE = YES;
				IPHONEOS_DEPLOYMENT_TARGET = 11.1;
				MTL_ENABLE_DEBUG_INFO = NO;
				SDKROOT = iphoneos;
				SWIFT_OPTIMIZATION_LEVEL = "-Owholemodule";
				VALIDATE_PRODUCT = YES;
			};
			name = Release;
		};
		A4B0A9092064096D000FB6AA /* Debug */ = {
			isa = XCBuildConfiguration;
			buildSettings = {
				ASSETCATALOG_COMPILER_APPICON_NAME = AppIcon;
				CODE_SIGN_STYLE = Automatic;
				DEVELOPMENT_TEAM = THP5EV5EJ9;
				INFOPLIST_FILE = PickPocket/Info.plist;
				IPHONEOS_DEPLOYMENT_TARGET = 10.0;
				LD_RUNPATH_SEARCH_PATHS = "$(inherited) @executable_path/Frameworks";
				PRODUCT_BUNDLE_IDENTIFIER = io.intrepid.PickPocket;
				PRODUCT_NAME = "$(TARGET_NAME)";
				SWIFT_VERSION = 4.0;
				TARGETED_DEVICE_FAMILY = "1,2";
			};
			name = Debug;
		};
		A4B0A90A2064096D000FB6AA /* Release */ = {
			isa = XCBuildConfiguration;
			buildSettings = {
				ASSETCATALOG_COMPILER_APPICON_NAME = AppIcon;
				CODE_SIGN_STYLE = Automatic;
				DEVELOPMENT_TEAM = THP5EV5EJ9;
				INFOPLIST_FILE = PickPocket/Info.plist;
				IPHONEOS_DEPLOYMENT_TARGET = 10.0;
				LD_RUNPATH_SEARCH_PATHS = "$(inherited) @executable_path/Frameworks";
				PRODUCT_BUNDLE_IDENTIFIER = io.intrepid.PickPocket;
				PRODUCT_NAME = "$(TARGET_NAME)";
				SWIFT_VERSION = 4.0;
				TARGETED_DEVICE_FAMILY = "1,2";
			};
			name = Release;
		};
		A4B0A90C2064096D000FB6AA /* Debug */ = {
			isa = XCBuildConfiguration;
			buildSettings = {
				ALWAYS_EMBED_SWIFT_STANDARD_LIBRARIES = YES;
				BUNDLE_LOADER = "$(TEST_HOST)";
				CODE_SIGN_STYLE = Automatic;
				DEVELOPMENT_TEAM = THP5EV5EJ9;
				INFOPLIST_FILE = PickPocketTests/Info.plist;
				LD_RUNPATH_SEARCH_PATHS = "$(inherited) @executable_path/Frameworks @loader_path/Frameworks";
				PRODUCT_BUNDLE_IDENTIFIER = io.intrepid.PickPocketTests;
				PRODUCT_NAME = "$(TARGET_NAME)";
				SWIFT_VERSION = 4.0;
				TARGETED_DEVICE_FAMILY = "1,2";
				TEST_HOST = "$(BUILT_PRODUCTS_DIR)/PickPocket.app/PickPocket";
			};
			name = Debug;
		};
		A4B0A90D2064096D000FB6AA /* Release */ = {
			isa = XCBuildConfiguration;
			buildSettings = {
				ALWAYS_EMBED_SWIFT_STANDARD_LIBRARIES = YES;
				BUNDLE_LOADER = "$(TEST_HOST)";
				CODE_SIGN_STYLE = Automatic;
				DEVELOPMENT_TEAM = THP5EV5EJ9;
				INFOPLIST_FILE = PickPocketTests/Info.plist;
				LD_RUNPATH_SEARCH_PATHS = "$(inherited) @executable_path/Frameworks @loader_path/Frameworks";
				PRODUCT_BUNDLE_IDENTIFIER = io.intrepid.PickPocketTests;
				PRODUCT_NAME = "$(TARGET_NAME)";
				SWIFT_VERSION = 4.0;
				TARGETED_DEVICE_FAMILY = "1,2";
				TEST_HOST = "$(BUILT_PRODUCTS_DIR)/PickPocket.app/PickPocket";
			};
			name = Release;
		};
/* End XCBuildConfiguration section */

/* Begin XCConfigurationList section */
		A4B0A8E62064096D000FB6AA /* Build configuration list for PBXProject "PickPocket" */ = {
			isa = XCConfigurationList;
			buildConfigurations = (
				A4B0A9062064096D000FB6AA /* Debug */,
				A4B0A9072064096D000FB6AA /* Release */,
			);
			defaultConfigurationIsVisible = 0;
			defaultConfigurationName = Release;
		};
		A4B0A9082064096D000FB6AA /* Build configuration list for PBXNativeTarget "PickPocket" */ = {
			isa = XCConfigurationList;
			buildConfigurations = (
				A4B0A9092064096D000FB6AA /* Debug */,
				A4B0A90A2064096D000FB6AA /* Release */,
			);
			defaultConfigurationIsVisible = 0;
			defaultConfigurationName = Release;
		};
		A4B0A90B2064096D000FB6AA /* Build configuration list for PBXNativeTarget "PickPocketTests" */ = {
			isa = XCConfigurationList;
			buildConfigurations = (
				A4B0A90C2064096D000FB6AA /* Debug */,
				A4B0A90D2064096D000FB6AA /* Release */,
			);
			defaultConfigurationIsVisible = 0;
			defaultConfigurationName = Release;
		};
/* End XCConfigurationList section */
	};
	rootObject = A4B0A8E32064096D000FB6AA /* Project object */;
}
